// !$*UTF8*$!
{
	archiveVersion = 1;
	classes = {
	};
	objectVersion = 56;
	objects = {

/* Begin PBXBuildFile section */
		C101 /* FakeCashApp.swift in Sources */ = {isa = PBXBuildFile; fileRef = C001; };
		C102 /* ContentView.swift in Sources */ = {isa = PBXBuildFile; fileRef = C002; };
		C103 /* AccountModel.swift in Sources */ = {isa = PBXBuildFile; fileRef = C003; };
		C104 /* MoneyView.swift in Sources */ = {isa = PBXBuildFile; fileRef = C004; };
		C105 /* CardView.swift in Sources */ = {isa = PBXBuildFile; fileRef = C005; };
		C106 /* EditAccountSheet.swift in Sources */ = {isa = PBXBuildFile; fileRef = C006; };
		C107 /* Extensions.swift in Sources */ = {isa = PBXBuildFile; fileRef = C007; };
		C108 /* Assets.xcassets in Resources */ = {isa = PBXBuildFile; fileRef = C008; };
/* End PBXBuildFile section */

/* Begin PBXFileReference section */
		C000 /* FakeCash.app */ = {isa = PBXFileReference; explicitFileType = wrapper.application; includeInIndex = 0; path = FakeCash.app; sourceTree = BUILT_PRODUCTS_DIR; };
		C001 /* FakeCashApp.swift */ = {isa = PBXFileReference; lastKnownFileType = sourcecode.swift; path = FakeCashApp.swift; sourceTree = "<group>"; };
		C002 /* ContentView.swift */ = {isa = PBXFileReference; lastKnownFileType = sourcecode.swift; path = ContentView.swift; sourceTree = "<group>"; };
		C003 /* AccountModel.swift */ = {isa = PBXFileReference; lastKnownFileType = sourcecode.swift; path = AccountModel.swift; sourceTree = "<group>"; };
		C004 /* MoneyView.swift */ = {isa = PBXFileReference; lastKnownFileType = sourcecode.swift; path = MoneyView.swift; sourceTree = "<group>"; };
		C005 /* CardView.swift */ = {isa = PBXFileReference; lastKnownFileType = sourcecode.swift; path = CardView.swift; sourceTree = "<group>"; };
		C006 /* EditAccountSheet.swift */ = {isa = PBXFileReference; lastKnownFileType = sourcecode.swift; path = EditAccountSheet.swift; sourceTree = "<group>"; };
		C007 /* Extensions.swift */ = {isa = PBXFileReference; lastKnownFileType = sourcecode.swift; path = Extensions.swift; sourceTree = "<group>"; };
		C008 /* Assets.xcassets */ = {isa = PBXFileReference; lastKnownFileType = folder.assetcatalog; path = Assets.xcassets; sourceTree = "<group>"; };
		C009 /* Info.plist */ = {isa = PBXFileReference; lastKnownFileType = text.plist.xml; path = Info.plist; sourceTree = "<group>"; };
/* End PBXFileReference section */

/* Begin PBXFrameworksBuildPhase section */
		C020 = {isa = PBXFrameworksBuildPhase; buildActionMask = 2147483647; files = (); runOnlyForDeploymentPostprocessing = 0; };
/* End PBXFrameworksBuildPhase section */

/* Begin PBXGroup section */
		C030 = {
			isa = PBXGroup;
			children = (C031, C032);
			sourceTree = "<group>";
		};
		C031 /* FakeCash */ = {
			isa = PBXGroup;
			children = (C001, C002, C003, C004, C005, C006, C007, C008, C009);
			path = FakeCash;
			sourceTree = "<group>";
		};
		C032 /* Products */ = {
			isa = PBXGroup;
			children = (C000);
			name = Products;
			sourceTree = "<group>";
		};
/* End PBXGroup section */

/* Begin PBXNativeTarget section */
		C040 /* FakeCash */ = {
			isa = PBXNativeTarget;
			buildConfigurationList = C050;
			buildPhases = (C021, C020, C022);
			buildRules = ();
			dependencies = ();
			name = FakeCash;
			productName = FakeCash;
			productReference = C000;
			productType = "com.apple.product-type.application";
		};
/* End PBXNativeTarget section */

/* Begin PBXProject section */
		C060 = {
			isa = PBXProject;
			attributes = {
				BuildIndependentTargetsInParallel = 1;
				LastSwiftUpdateCheck = 1500;
				LastUpgradeCheck = 1500;
				TargetAttributes = { C040 = { CreatedOnToolsVersion = 15.0; }; };
			};
			buildConfigurationList = C061;
			compatibilityVersion = "Xcode 14.0";
			developmentRegion = en;
			hasScannedForEncodings = 0;
			knownRegions = (en, Base);
			mainGroup = C030;
			productRefGroup = C032;
			projectDirPath = "";
			projectRoot = "";
			targets = (C040);
		};
/* End PBXProject section */

/* Begin PBXResourcesBuildPhase section */
		C022 = {isa = PBXResourcesBuildPhase; buildActionMask = 2147483647; files = (C108); runOnlyForDeploymentPostprocessing = 0; };
/* End PBXResourcesBuildPhase section */

/* Begin PBXSourcesBuildPhase section */
		C021 = {
			isa = PBXSourcesBuildPhase;
			buildActionMask = 2147483647;
			files = (C101, C102, C103, C104, C105, C106, C107);
			runOnlyForDeploymentPostprocessing = 0;
		};
/* End PBXSourcesBuildPhase section */

/* Begin XCBuildConfiguration section */
		C070 /* Debug */ = {
			isa = XCBuildConfiguration;
			buildSettings = {
				ALWAYS_SEARCH_USER_PATHS = NO;
				CLANG_ENABLE_MODULES = YES;
				CLANG_ENABLE_OBJC_ARC = YES;
				IPHONEOS_DEPLOYMENT_TARGET = 16.0;
				ONLY_ACTIVE_ARCH = YES;
				SDKROOT = iphoneos;
				SWIFT_OPTIMIZATION_LEVEL = "-Onone";
				SWIFT_VERSION = 5.0;
			};
			name = Debug;
		};
		C071 /* Release */ = {
			isa = XCBuildConfiguration;
			buildSettings = {
				ALWAYS_SEARCH_USER_PATHS = NO;
				CLANG_ENABLE_MODULES = YES;
				CLANG_ENABLE_OBJC_ARC = YES;
				IPHONEOS_DEPLOYMENT_TARGET = 16.0;
				SDKROOT = iphoneos;
				SWIFT_COMPILATION_MODE = wholemodule;
				SWIFT_OPTIMIZATION_LEVEL = "-O";
				SWIFT_VERSION = 5.0;
				VALIDATE_PRODUCT = YES;
			};
			name = Release;
		};
		C072 /* Debug */ = {
			isa = XCBuildConfiguration;
			buildSettings = {
				ASSETCATALOG_COMPILER_APPICON_NAME = AppIcon;
				ASSETCATALOG_COMPILER_GLOBAL_ACCENT_COLOR_NAME = AccentColor;
				CODE_SIGN_STYLE = Automatic;
				CURRENT_PROJECT_VERSION = 1;
				ENABLE_PREVIEWS = YES;
				GENERATE_INFOPLIST_FILE = NO;
				INFOPLIST_FILE = FakeCash/Info.plist;
				IPHONEOS_DEPLOYMENT_TARGET = 16.0;
				LD_RUNPATH_SEARCH_PATHS = ("$(inherited)", "@executable_path/Frameworks");
				MARKETING_VERSION = 1.0;
				PRODUCT_BUNDLE_IDENTIFIER = com.hammerandchisel.fakecashyappy;
				PRODUCT_NAME = "$(TARGET_NAME)";
				SUPPORTS_MACCATALYST = NO;
				SWIFT_EMIT_LOC_STRINGS = YES;
				SWIFT_VERSION = 5.0;
				TARGETED_DEVICE_FAMILY = 1;
			};
			name = Debug;
		};
		C073 /* Release */ = {
			isa = XCBuildConfiguration;
			buildSettings = {
				ASSETCATALOG_COMPILER_APPICON_NAME = AppIcon;
				ASSETCATALOG_COMPILER_GLOBAL_ACCENT_COLOR_NAME = AccentColor;
				CODE_SIGN_STYLE = Automatic;
				CURRENT_PROJECT_VERSION = 1;
				ENABLE_PREVIEWS = YES;
				GENERATE_INFOPLIST_FILE = NO;
				INFOPLIST_FILE = FakeCash/Info.plist;
				IPHONEOS_DEPLOYMENT_TARGET = 16.0;
				LD_RUNPATH_SEARCH_PATHS = ("$(inherited)", "@executable_path/Frameworks");
				MARKETING_VERSION = 1.0;
				PRODUCT_BUNDLE_IDENTIFIER = com.hammerandchisel.fakecashyappy;
				PRODUCT_NAME = "$(TARGET_NAME)";
				SUPPORTS_MACCATALYST = NO;
				SWIFT_EMIT_LOC_STRINGS = YES;
				SWIFT_VERSION = 5.0;
				TARGETED_DEVICE_FAMILY = 1;
			};
			name = Release;
		};
/* End XCBuildConfiguration section */

/* Begin XCConfigurationList section */
		C050 = {
			isa = XCConfigurationList;
			buildConfigurations = (C072, C073);
			defaultConfigurationIsVisible = 0;
			defaultConfigurationName = Release;
		};
		C061 = {
			isa = XCConfigurationList;
			buildConfigurations = (C070, C071);
			defaultConfigurationIsVisible = 0;
			defaultConfigurationName = Release;
		};
/* End XCConfigurationList section */

	};
	rootObject = C060;
}
